lockfileVersion: '9.0'

settings:
  autoInstallPeers: true
  excludeLinksFromLockfile: false

importers:
  .:
    dependencies:
      '@dotenvx/dotenvx':
        specifier: ^1.14.2
        version: 1.14.2
    devDependencies:
      '@types/node':
        specifier: ^22.7.4
        version: 22.7.4

packages:
  '@dotenvx/dotenvx@1.14.2':
    resolution:
      {
        integrity: sha512-88lviNO27WUGpZ/ya1VF7AseiWsCl1YRnm9pNYp7pIOZyu/gXM11wpJ8/DViV6oxSkrF4mi3ZalmaukHj5F8Ow==,
      }
    hasBin: true

  '@noble/ciphers@1.0.0':
    resolution:
      {
        integrity: sha512-wH5EHOmLi0rEazphPbecAzmjd12I6/Yv/SiHdkA9LSycsQk7RuuTp7am5/o62qYr0RScE7Pc9icXGBbsr6cesA==,
      }
    engines: { node: ^14.21.3 || >=16 }

  '@noble/curves@1.6.0':
    resolution:
      {
        integrity: sha512-TlaHRXDehJuRNR9TfZDNQ45mMEd5dwUwmicsafcIX4SsNiqnCHKjE/1alYPd/lDRVhxdhUAlv8uEhMCI5zjIJQ==,
      }
    engines: { node: ^14.21.3 || >=16 }

  '@noble/hashes@1.5.0':
    resolution:
      {
        integrity: sha512-1j6kQFb7QRru7eKN3ZDvRcP13rugwdxZqCjbiAVZfIJwgj2A65UmT4TgARXGlXgnRkORLTDTrO19ZErt7+QXgA==,
      }
    engines: { node: ^14.21.3 || >=16 }

  '@types/node@22.7.4':
    resolution:
      {
        integrity: sha512-y+NPi1rFzDs1NdQHHToqeiX2TIS79SWEAw9GYhkkx8bD0ChpfqC+n2j5OXOCpzfojBEBt6DnEnnG9MY0zk1XLg==,
      }

  commander@11.1.0:
    resolution:
      {
        integrity: sha512-yPVavfyCcRhmorC7rWlkHn15b4wDVgVmBA7kV4QVBsF7kv/9TKJAbAXVTxvTnwP8HHKjRCJDClKbciiYS7p0DQ==,
      }
    engines: { node: '>=16' }

  cross-spawn@7.0.3:
    resolution:
      {
        integrity: sha512-iRDPJKUPVEND7dHPO8rkbOnPpyDygcDFtWjpeWNCgy8WP2rXcxXL8TskReQl6OrB2G7+UJrags1q15Fudc7G6w==,
      }
    engines: { node: '>= 8' }

  dotenv@16.4.5:
    resolution:
      {
        integrity: sha512-ZmdL2rui+eB2YwhsWzjInR8LldtZHGDoQ1ugH85ppHKwpUHL7j7rN0Ti9NCnGiQbhaZ11FpR+7ao1dNsmduNUg==,
      }
    engines: { node: '>=12' }

  eciesjs@0.4.8:
    resolution:
      {
        integrity: sha512-U2wAn6yEOVBP9lOVh3nryufg3hQTKVicG+qjEfqB/70m/mU9DzwWNdK0mC5zuxlJH42EGAezFlHVWI0snwg1nw==,
      }
    engines: { node: '>=16.0.0' }

  execa@5.1.1:
    resolution:
      {
        integrity: sha512-8uSpZZocAZRBAPIEINJj3Lo9HyGitllczc27Eh5YYojjMFMn8yHMDMaUHE2Jqfq05D/wucwI4JGURyXt1vchyg==,
      }
    engines: { node: '>=10' }

  fdir@6.3.0:
    resolution:
      {
        integrity: sha512-QOnuT+BOtivR77wYvCWHfGt9s4Pz1VIMbD463vegT5MLqNXy8rYFT/lPVEqf/bhYeT6qmqrNHhsX+rWwe3rOCQ==,
      }
    peerDependencies:
      picomatch: ^3 || ^4
    peerDependenciesMeta:
      picomatch:
        optional: true

  get-stream@6.0.1:
    resolution:
      {
        integrity: sha512-ts6Wi+2j3jQjqi70w5AlN8DFnkSwC+MqmxEzdEALB2qXZYV3X/b1CTfgPLGJNMeAWxdPfU8FO1ms3NUfaHCPYg==,
      }
    engines: { node: '>=10' }

  human-signals@2.1.0:
    resolution:
      {
        integrity: sha512-B4FFZ6q/T2jhhksgkbEW3HBvWIfDW85snkQgawt07S7J5QXTk6BkNV+0yAeZrM5QpMAdYlocGoljn0sJ/WQkFw==,
      }
    engines: { node: '>=10.17.0' }

  ignore@5.3.2:
    resolution:
      {
        integrity: sha512-hsBTNUqQTDwkWtcdYI2i06Y/nUBEsNEDJKjWdigLvegy8kDuJAS8uRlpkkcQpyEXL0Z/pjDy5HBmMjRCJ2gq+g==,
      }
    engines: { node: '>= 4' }

  is-stream@2.0.1:
    resolution:
      {
        integrity: sha512-hFoiJiTl63nn+kstHGBtewWSKnQLpyb155KHheA1l39uvtO9nWIop1p3udqPcUd/xbF1VLMO4n7OI6p7RbngDg==,
      }
    engines: { node: '>=8' }

  isexe@2.0.0:
    resolution:
      {
        integrity: sha512-RHxMLp9lnKHGHRng9QFhRCMbYAcVpn69smSGcq3f36xjgVVWThj4qqLbTLlq7Ssj8B+fIQ1EuCEGI2lKsyQeIw==,
      }

  isexe@3.1.1:
    resolution:
      {
        integrity: sha512-LpB/54B+/2J5hqQ7imZHfdU31OlgQqx7ZicVlkm9kzg9/w8GKLEcFfJl/t7DCEDueOyBAD6zCCwTO6Fzs0NoEQ==,
      }
    engines: { node: '>=16' }

  merge-stream@2.0.0:
    resolution:
      {
        integrity: sha512-abv/qOcuPfk3URPfDzmZU1LKmuw8kT+0nIHvKrKgFrwifol/doWcdA4ZqsWQ8ENrFKkd67Mfpo/LovbIUsbt3w==,
      }

  mimic-fn@2.1.0:
    resolution:
      {
        integrity: sha512-OqbOk5oEQeAZ8WXWydlu9HJjz9WVdEIvamMCcXmuqUYjTknH/sqsWvhQ3vgwKFRR1HpjvNBKQ37nbJgYzGqGcg==,
      }
    engines: { node: '>=6' }

  npm-run-path@4.0.1:
    resolution:
      {
        integrity: sha512-S48WzZW777zhNIrn7gxOlISNAqi9ZC/uQFnRdbeIHhZhCA6UqpkOT8T1G7BvfdgP4Er8gF4sUbaS0i7QvIfCWw==,
      }
    engines: { node: '>=8' }

  object-treeify@1.1.33:
    resolution:
      {
        integrity: sha512-EFVjAYfzWqWsBMRHPMAXLCDIJnpMhdWAqR7xG6M6a2cs6PMFpl/+Z20w9zDW4vkxOFfddegBKq9Rehd0bxWE7A==,
      }
    engines: { node: '>= 10' }

  onetime@5.1.2:
    resolution:
      {
        integrity: sha512-kbpaSSGJTWdAY5KPVeMOKXSrPtr8C8C7wodJbcsd51jRnmD+GZu8Y0VoU6Dm5Z4vWr0Ig/1NKuWRKf7j5aaYSg==,
      }
    engines: { node: '>=6' }

  path-key@3.1.1:
    resolution:
      {
        integrity: sha512-ojmeN0qd+y0jszEtoY48r0Peq5dwMEkIlCOu6Q5f41lfkswXuKtYrhgoTpLnyIcHm24Uhqx+5Tqm2InSwLhE6Q==,
      }
    engines: { node: '>=8' }

  picomatch@4.0.2:
    resolution:
      {
        integrity: sha512-M7BAV6Rlcy5u+m6oPhAPFgJTzAioX/6B0DxyvDlo9l8+T3nLKbrczg2WLUyzd45L8RqfUMyGPzekbMvX2Ldkwg==,
      }
    engines: { node: '>=12' }

  shebang-command@2.0.0:
    resolution:
      {
        integrity: sha512-kHxr2zZpYtdmrN1qDjrrX/Z1rR1kG8Dx+gkpK1G4eXmvXswmcE1hTWBWYUzlraYw1/yZp6YuDY77YtvbN0dmDA==,
      }
    engines: { node: '>=8' }

  shebang-regex@3.0.0:
    resolution:
      {
        integrity: sha512-7++dFhtcx3353uBaq8DDR4NuxBetBzC7ZQOhmTQInHEd6bSrXdiEyzCvG07Z44UYdLShWUyXt5M/yhz8ekcb1A==,
      }
    engines: { node: '>=8' }

  signal-exit@3.0.7:
    resolution:
      {
        integrity: sha512-wnD2ZE+l+SPC/uoS0vXeE9L1+0wuaMqKlfz9AMUo38JsyLSBWSFcHR1Rri62LZc12vLr1gb3jl7iwQhgwpAbGQ==,
      }

  strip-final-newline@2.0.0:
    resolution:
      {
        integrity: sha512-BrpvfNAE3dcvq7ll3xVumzjKjZQ5tI1sEUIKr3Uoks0XUl45St3FlatVqef9prk4jRDzhW6WZg+3bk93y6pLjA==,
      }
    engines: { node: '>=6' }

  undici-types@6.19.8:
    resolution:
      {
        integrity: sha512-ve2KP6f/JnbPBFyobGHuerC9g1FYGn/F8n1LWTwNxCEzd6IfqTwUQcNXgEtmmQ6DlRrC1hrSrBnCZPokRrDHjw==,
      }

  which@2.0.2:
    resolution:
      {
        integrity: sha512-BLI3Tl1TW3Pvl70l3yq3Y64i+awpwXqsGBYWkkqMtnbXgrMD+yj7rhW0kuEDxzJaYXGjEW5ogapKNMEKNMjibA==,
      }
    engines: { node: '>= 8' }
    hasBin: true

  which@4.0.0:
    resolution:
      {
        integrity: sha512-GlaYyEb07DPxYCKhKzplCWBJtvxZcZMrL+4UkrTSJHHPyZU4mYYTv3qaOe77H7EODLSSopAUFAc6W8U4yqvscg==,
      }
    engines: { node: ^16.13.0 || >=18.0.0 }
    hasBin: true

snapshots:
  '@dotenvx/dotenvx@1.14.2':
    dependencies:
      commander: 11.1.0
      dotenv: 16.4.5
      eciesjs: 0.4.8
      execa: 5.1.1
      fdir: 6.3.0(picomatch@4.0.2)
      ignore: 5.3.2
      object-treeify: 1.1.33
      picomatch: 4.0.2
      which: 4.0.0

  '@noble/ciphers@1.0.0': {}

  '@noble/curves@1.6.0':
    dependencies:
      '@noble/hashes': 1.5.0

  '@noble/hashes@1.5.0': {}

  '@types/node@22.7.4':
    dependencies:
      undici-types: 6.19.8

  commander@11.1.0: {}

  cross-spawn@7.0.3:
    dependencies:
      path-key: 3.1.1
      shebang-command: 2.0.0
      which: 2.0.2

  dotenv@16.4.5: {}

  eciesjs@0.4.8:
    dependencies:
      '@noble/ciphers': 1.0.0
      '@noble/curves': 1.6.0
      '@noble/hashes': 1.5.0

  execa@5.1.1:
    dependencies:
      cross-spawn: 7.0.3
      get-stream: 6.0.1
      human-signals: 2.1.0
      is-stream: 2.0.1
      merge-stream: 2.0.0
      npm-run-path: 4.0.1
      onetime: 5.1.2
      signal-exit: 3.0.7
      strip-final-newline: 2.0.0

  fdir@6.3.0(picomatch@4.0.2):
    optionalDependencies:
      picomatch: 4.0.2

  get-stream@6.0.1: {}

  human-signals@2.1.0: {}

  ignore@5.3.2: {}

  is-stream@2.0.1: {}

  isexe@2.0.0: {}

  isexe@3.1.1: {}

  merge-stream@2.0.0: {}

  mimic-fn@2.1.0: {}

  npm-run-path@4.0.1:
    dependencies:
      path-key: 3.1.1

  object-treeify@1.1.33: {}

  onetime@5.1.2:
    dependencies:
      mimic-fn: 2.1.0

  path-key@3.1.1: {}

  picomatch@4.0.2: {}

  shebang-command@2.0.0:
    dependencies:
      shebang-regex: 3.0.0

  shebang-regex@3.0.0: {}

  signal-exit@3.0.7: {}

  strip-final-newline@2.0.0: {}

  undici-types@6.19.8: {}

  which@2.0.2:
    dependencies:
      isexe: 2.0.0

  which@4.0.0:
    dependencies:
      isexe: 3.1.1
